
Microsoft Visual Studio Solution File, Format Version 12.00
# Visual Studio Version 16
VisualStudioVersion = 16.0.29123.89
MinimumVisualStudioVersion = 10.0.40219.1
Project("{9A19103F-16F7-4668-BE54-9A1E7A4F7556}") = "MocUpWpf", "MocUpWpf\MocUpWpf.csproj", "{974048CB-C433-46CD-8C2E-AB4F0DB2D0C5}"
EndProject
Project("{FAE04EC0-301F-11D3-BF4B-00C04F79EFBC}") = "ProjectToTestOutputOfADO", "ProjectToTestOutputOfADO\ProjectToTestOutputOfADO.csproj", "{B222B77D-7644-4BF9-B594-A781DD1D4C13}"
EndProject
Global
	GlobalSection(SolutionConfigurationPlatforms) = preSolution
		Debug|Any CPU = Debug|Any CPU
		Release|Any CPU = Release|Any CPU
	EndGlobalSection
	GlobalSection(ProjectConfigurationPlatforms) = postSolution
		{974048CB-C433-46CD-8C2E-AB4F0DB2D0C5}.Debug|Any CPU.ActiveCfg = Debug|Any CPU
		{974048CB-C433-46CD-8C2E-AB4F0DB2D0C5}.Debug|Any CPU.Build.0 = Debug|Any CPU
		{974048CB-C433-46CD-8C2E-AB4F0DB2D0C5}.Release|Any CPU.ActiveCfg = Release|Any CPU
		{974048CB-C433-46CD-8C2E-AB4F0DB2D0C5}.Release|Any CPU.Build.0 = Release|Any CPU
		{B222B77D-7644-4BF9-B594-A781DD1D4C13}.Debug|Any CPU.ActiveCfg = Debug|Any CPU
		{B222B77D-7644-4BF9-B594-A781DD1D4C13}.Debug|Any CPU.Build.0 = Debug|Any CPU
		{B222B77D-7644-4BF9-B594-A781DD1D4C13}.Release|Any CPU.ActiveCfg = Release|Any CPU
		{B222B77D-7644-4BF9-B594-A781DD1D4C13}.Release|Any CPU.Build.0 = Release|Any CPU
	EndGlobalSection
	GlobalSection(SolutionProperties) = preSolution
		HideSolutionNode = FALSE
	EndGlobalSection
	GlobalSection(ExtensibilityGlobals) = postSolution
		SolutionGuid = {AC3E5644-4F47-4E71-B5EB-67B53E0CC318}
	EndGlobalSection
EndGlobal
